<Solution>
  <Configurations>
    <Platform Name="Any CPU" />
    <Platform Name="x64" />
  </Configurations>
  <Folder Name="/edit-sharp-gui/">
    <Project Path="edit-sharp-gui/EditSharp GUI.csproj">
      <BuildType Project="Debug" />
    </Project>
  </Folder>
  <Folder Name="/Solution Items/">
    <File Path=".editorconfig" />
  </Folder>
  <Project Path="../EditSharp/EditSharp.csproj" Id="a6492b06-aea6-400d-837a-934e39f0c8e7" />
  <Project Path="PlaybackTest/PlaybackTest.csproj" Id="e14a3df9-1f70-4a4d-b52c-670836c2d0b4" />
  <Project Path="Slopmaxxing/Slopmaxxing.csproj">
    <Platform Solution="*|x64" Project="x64" />
  </Project>
</Solution>
