<Solution>
  <Configurations>
    <Platform Name="Any CPU" />
    <Platform Name="x64" />
  </Configurations>
  <Folder Name="/halide/">
    <Project Path="halide/Halide.csproj">
      <BuildType Project="Debug" />
    </Project>
  </Folder>
  <Folder Name="/Solution Items/">
    <File Path=".editorconfig" />
  </Folder>
  <Project Path="../EditSharp/EditSharp.csproj" Id="a6492b06-aea6-400d-837a-934e39f0c8e7" />
  <Project Path="tests/EditSharp.Tests.csproj" />
  <Project Path="extensions/Sample/Sample.csproj" />
</Solution>
